lockfileVersion: '9.0'

settings:
  autoInstallPeers: true
  excludeLinksFromLockfile: false

importers:

  .:
    dependencies:
      '@rspack/cli':
        specifier: ^2.0.0
        version: 2.0.0(@rspack/core@2.0.0(@swc/helpers@0.5.17))(@rspack/dev-server@2.0.1(@rspack/core@2.0.0(@swc/helpers@0.5.17)))
      '@rspack/core':
        specifier: ^2.0.0
        version: 2.0.0(@swc/helpers@0.5.17)
      react:
        specifier: ^19.2.5
        version: 19.2.5
      react-dom:
        specifier: ^19.2.5
        version: 19.2.5(react@19.2.5)
    devDependencies:
      '@rspack/dev-server':
        specifier: ^2.0.1
        version: 2.0.1(@rspack/core@2.0.0(@swc/helpers@0.5.17))
      '@rspack/plugin-react-refresh':
        specifier: ^2.0.0
        version: 2.0.0(@rspack/core@2.0.0(@swc/helpers@0.5.17))(react-refresh@0.18.0)
      '@types/react':
        specifier: ^19.2.14
        version: 19.2.14
      '@types/react-dom':
        specifier: ^19.2.3
        version: 19.2.3(@types/react@19.2.14)
      react-refresh:
        specifier: ^0.18.0
        version: 0.18.0

packages:

  '@emnapi/core@1.10.0':
    resolution: {integrity: sha512-yq6OkJ4p82CAfPl0u9mQebQHKPJkY7WrIuk205cTYnYe+k2Z8YBh11FrbRG/H6ihirqcacOgl2BIO8oyMQLeXw==}

  '@emnapi/runtime@1.10.0':
    resolution: {integrity: sha512-ewvYlk86xUoGI0zQRNq/mC+16R1QeDlKQy21Ki3oSYXNgLb45GV1P6A0M+/s6nyCuNDqe5VpaY84BzXGwVbwFA==}

  '@emnapi/wasi-threads@1.2.1':
    resolution: {integrity: sha512-uTII7OYF+/Mes/MrcIOYp5yOtSMLBWSIoLPpcgwipoiKbli6k322tcoFsxoIIxPDqW01SQGAgko4EzZi2BNv2w==}

  '@napi-rs/wasm-runtime@1.1.4':
    resolution: {integrity: sha512-3NQNNgA1YSlJb/kMH1ildASP9HW7/7kYnRI2szWJaofaS1hWmbGI4H+d3+22aGzXXN9IJ+n+GiFVcGipJP18ow==}
    peerDependencies:
      '@emnapi/core': ^1.7.1
      '@emnapi/runtime': ^1.7.1

  '@rspack/binding-darwin-arm64@2.0.0':
    resolution: {integrity: sha512-ICBHDKYyndFqljLhjxvKfWWZu39RJSH2jkSmbceXl0kmptLSE0cLWpvk+eGSzLqtxKN0jVchwCw+5P5mWCzwAw==}
    cpu: [arm64]
    os: [darwin]

  '@rspack/binding-darwin-x64@2.0.0':
    resolution: {integrity: sha512-YQ96LMmzIzhZt9cZWUDWXSxS9UWWHWoLxJyZ5f42DSaVPVelBg5ThbVORDwOP5QDA2xFXj60rVnmmcZLzg/aDA==}
    cpu: [x64]
    os: [darwin]

  '@rspack/binding-linux-arm64-gnu@2.0.0':
    resolution: {integrity: sha512-Ufn33gzkIV7JY69k6vJQEdOzRvBqThIgH46pwXksHSMwRZp8IbJhXfyYIAVsRWCk8fXpr9t1nAvCDvJXT2EeyA==}
    cpu: [arm64]
    os: [linux]
    libc: [glibc]

  '@rspack/binding-linux-arm64-musl@2.0.0':
    resolution: {integrity: sha512-CZbvFKlNY9UC0C+Czz6i8JFCzGpuL9oX8gEqcJA1+84Y6eEEBH50UiTzeCewxKW3dOofkZdvT5vgNMXz6aMUmg==}
    cpu: [arm64]
    os: [linux]
    libc: [musl]

  '@rspack/binding-linux-x64-gnu@2.0.0':
    resolution: {integrity: sha512-dPjFGpoCvZfFpJBsWAUR+PR7mWYxpou6L026qIOpAVkz7WiTzErwKD3P1jVrpP4dM9yLb3fVE+PHHjTglhTJ4g==}
    cpu: [x64]
    os: [linux]
    libc: [glibc]

  '@rspack/binding-linux-x64-musl@2.0.0':
    resolution: {integrity: sha512-4fgDTMWt0mJDiugdia2mdOjTbnm7yM1Drzl1JpPqlUlOr113byOhc+qgN57LURSGypz2yz/h/Zad7/UnVAxYJw==}
    cpu: [x64]
    os: [linux]
    libc: [musl]

  '@rspack/binding-wasm32-wasi@2.0.0':
    resolution: {integrity: sha512-ANk73ZKtPrZf9gdtyRK2nQUfhi1uXoC5P2KF89pyVAE8+zcoLBnYtZGYpWa/cmNi5BcO5g4Z+v2l1UA3bUPLQQ==}
    cpu: [wasm32]

  '@rspack/binding-win32-arm64-msvc@2.0.0':
    resolution: {integrity: sha512-IHZFRtJ85ONbM+BCtF4TeYXS2Fu9X0IJS2phX1rPibYq9iEtHGfBt4cNlnsJPhbPAXVvi4Oli/yiLRJ1zxtCIg==}
    cpu: [arm64]
    os: [win32]

  '@rspack/binding-win32-ia32-msvc@2.0.0':
    resolution: {integrity: sha512-n4tbIqacq/FhNJflMlgZV50AeQFTLh5hnDS3v4W+rJWa3IW1VfgB0+XppdeW+Dqhw7QcMIsCmro01kwNdlXZDQ==}
    cpu: [ia32]
    os: [win32]

  '@rspack/binding-win32-x64-msvc@2.0.0':
    resolution: {integrity: sha512-cJOgikIW2t3S+42TQZsv+DJriJt2m6lnUk+pUFu/fO93rrMvNrx8gfMxR8W5zDTreBX0cfMx2pw6EVmyi/YzsQ==}
    cpu: [x64]
    os: [win32]

  '@rspack/binding@2.0.0':
    resolution: {integrity: sha512-WA2f9eQpejkvf5Vrnf6wNCn1m8RT1p08NjgOZpKhsCzr0uBjWeRvGduawlrFFHZh/jPnWZTVaVdQ08FEAWbwGw==}

  '@rspack/cli@2.0.0':
    resolution: {integrity: sha512-drBB/biz6NHvjEqKLRzJmdPTn/6rg1TLLOY1o7lOySA1nLYoao5h+33TFRCKwpioEigpdAldw35crCLlQ/GHbQ==}
    hasBin: true
    peerDependencies:
      '@rspack/core': ^2.0.0-0
      '@rspack/dev-server': ^2.0.0-0
    peerDependenciesMeta:
      '@rspack/dev-server':
        optional: true

  '@rspack/core@2.0.0':
    resolution: {integrity: sha512-WD1mJM9LbZ7Z399Rbv9dE3BNEV0+3sE5OzDdzV8hOxUb3mX++ynK5n9kil8w60B6nGdcKeV9ly5aN4PgqiwWUg==}
    engines: {node: ^20.19.0 || >=22.12.0}
    peerDependencies:
      '@module-federation/runtime-tools': ^0.24.1 || ^2.0.0
      '@swc/helpers': '>=0.5.1'
    peerDependenciesMeta:
      '@module-federation/runtime-tools':
        optional: true
      '@swc/helpers':
        optional: true

  '@rspack/dev-middleware@2.0.1':
    resolution: {integrity: sha512-cXSubf5/C+dvkWV2/+rGTtiZ93wSLd3OlTQhwMvsmsmGDdPlkYqIvQ+BTkOk9UCXxKIaF0DDYYmCpBeRRYJfJw==}
    engines: {node: ^20.19.0 || >=22.12.0}
    peerDependencies:
      '@rspack/core': ^2.0.0-0
    peerDependenciesMeta:
      '@rspack/core':
        optional: true

  '@rspack/dev-server@2.0.1':
    resolution: {integrity: sha512-N5sIdU9v6WhwPH6Ek8QCj4IMvGd8jA3ZW1NMAyHP1ezzKIr2/idcNV2zX5vbC6FJvOLRLww0rFjfKA+z4tshDA==}
    engines: {node: ^20.19.0 || >=22.12.0}
    peerDependencies:
      '@rspack/core': ^2.0.0-0
      selfsigned: ^5.0.0
    peerDependenciesMeta:
      selfsigned:
        optional: true

  '@rspack/plugin-react-refresh@2.0.0':
    resolution: {integrity: sha512-Cf6CxBStNDJbiXMc/GmsvG1G8PRlUpa0MSfWsMTI+e8npzuTN/p8nwLs3shriBZOLciqgkSZpBtPTd10BLpj1g==}
    peerDependencies:
      '@rspack/core': ^2.0.0-0
      react-refresh: '>=0.10.0 <1.0.0'
    peerDependenciesMeta:
      '@rspack/core':
        optional: true

  '@swc/helpers@0.5.17':
    resolution: {integrity: sha512-5IKx/Y13RsYd+sauPb2x+U/xZikHjolzfuDgTAl/Tdf3Q8rslRvC19NKDLgAJQ6wsqADk10ntlv08nPFw/gO/A==}

  '@tybys/wasm-util@0.10.1':
    resolution: {integrity: sha512-9tTaPJLSiejZKx+Bmog4uSubteqTvFrVrURwkmHixBo0G4seD0zUxp98E1DzUBJxLQ3NPwXrGKDiVjwx/DpPsg==}

  '@types/react-dom@19.2.3':
    resolution: {integrity: sha512-jp2L/eY6fn+KgVVQAOqYItbF0VY/YApe5Mz2F0aykSO8gx31bYCZyvSeYxCHKvzHG5eZjc+zyaS5BrBWya2+kQ==}
    peerDependencies:
      '@types/react': ^19.2.0

  '@types/react@19.2.14':
    resolution: {integrity: sha512-ilcTH/UniCkMdtexkoCN0bI7pMcJDvmQFPvuPvmEaYA/NSfFTAgdUSLAoVjaRJm7+6PvcM+q1zYOwS4wTYMF9w==}

  csstype@3.2.3:
    resolution: {integrity: sha512-z1HGKcYy2xA8AGQfwrn0PAy+PB7X/GSj3UVJW9qKyn43xWa+gl5nXmU4qqLMRzWVLFC8KusUX8T/0kCiOYpAIQ==}

  react-dom@19.2.5:
    resolution: {integrity: sha512-J5bAZz+DXMMwW/wV3xzKke59Af6CHY7G4uYLN1OvBcKEsWOs4pQExj86BBKamxl/Ik5bx9whOrvBlSDfWzgSag==}
    peerDependencies:
      react: ^19.2.5

  react-refresh@0.18.0:
    resolution: {integrity: sha512-QgT5//D3jfjJb6Gsjxv0Slpj23ip+HtOpnNgnb2S5zU3CB26G/IDPGoy4RJB42wzFE46DRsstbW6tKHoKbhAxw==}
    engines: {node: '>=0.10.0'}

  react@19.2.5:
    resolution: {integrity: sha512-llUJLzz1zTUBrskt2pwZgLq59AemifIftw4aB7JxOqf1HY2FDaGDxgwpAPVzHU1kdWabH7FauP4i1oEeer2WCA==}
    engines: {node: '>=0.10.0'}

  scheduler@0.27.0:
    resolution: {integrity: sha512-eNv+WrVbKu1f3vbYJT/xtiF5syA5HPIMtf9IgY/nKg0sWqzAUEvqY/xm7OcZc/qafLx/iO9FgOmeSAp4v5ti/Q==}

  tslib@2.8.1:
    resolution: {integrity: sha512-oJFu94HQb+KVduSUQL7wnpmqnfmLsOA/nAh6b6EH0wCEoK0/mPeXU6c3wKDV83MkOuHPRHtSXKKU99IBazS/2w==}

snapshots:

  '@emnapi/core@1.10.0':
    dependencies:
      '@emnapi/wasi-threads': 1.2.1
      tslib: 2.8.1
    optional: true

  '@emnapi/runtime@1.10.0':
    dependencies:
      tslib: 2.8.1
    optional: true

  '@emnapi/wasi-threads@1.2.1':
    dependencies:
      tslib: 2.8.1
    optional: true

  '@napi-rs/wasm-runtime@1.1.4(@emnapi/core@1.10.0)(@emnapi/runtime@1.10.0)':
    dependencies:
      '@emnapi/core': 1.10.0
      '@emnapi/runtime': 1.10.0
      '@tybys/wasm-util': 0.10.1
    optional: true

  '@rspack/binding-darwin-arm64@2.0.0':
    optional: true

  '@rspack/binding-darwin-x64@2.0.0':
    optional: true

  '@rspack/binding-linux-arm64-gnu@2.0.0':
    optional: true

  '@rspack/binding-linux-arm64-musl@2.0.0':
    optional: true

  '@rspack/binding-linux-x64-gnu@2.0.0':
    optional: true

  '@rspack/binding-linux-x64-musl@2.0.0':
    optional: true

  '@rspack/binding-wasm32-wasi@2.0.0':
    dependencies:
      '@emnapi/core': 1.10.0
      '@emnapi/runtime': 1.10.0
      '@napi-rs/wasm-runtime': 1.1.4(@emnapi/core@1.10.0)(@emnapi/runtime@1.10.0)
    optional: true

  '@rspack/binding-win32-arm64-msvc@2.0.0':
    optional: true

  '@rspack/binding-win32-ia32-msvc@2.0.0':
    optional: true

  '@rspack/binding-win32-x64-msvc@2.0.0':
    optional: true

  '@rspack/binding@2.0.0':
    optionalDependencies:
      '@rspack/binding-darwin-arm64': 2.0.0
      '@rspack/binding-darwin-x64': 2.0.0
      '@rspack/binding-linux-arm64-gnu': 2.0.0
      '@rspack/binding-linux-arm64-musl': 2.0.0
      '@rspack/binding-linux-x64-gnu': 2.0.0
      '@rspack/binding-linux-x64-musl': 2.0.0
      '@rspack/binding-wasm32-wasi': 2.0.0
      '@rspack/binding-win32-arm64-msvc': 2.0.0
      '@rspack/binding-win32-ia32-msvc': 2.0.0
      '@rspack/binding-win32-x64-msvc': 2.0.0

  '@rspack/cli@2.0.0(@rspack/core@2.0.0(@swc/helpers@0.5.17))(@rspack/dev-server@2.0.1(@rspack/core@2.0.0(@swc/helpers@0.5.17)))':
    dependencies:
      '@rspack/core': 2.0.0(@swc/helpers@0.5.17)
    optionalDependencies:
      '@rspack/dev-server': 2.0.1(@rspack/core@2.0.0(@swc/helpers@0.5.17))

  '@rspack/core@2.0.0(@swc/helpers@0.5.17)':
    dependencies:
      '@rspack/binding': 2.0.0
    optionalDependencies:
      '@swc/helpers': 0.5.17

  '@rspack/dev-middleware@2.0.1(@rspack/core@2.0.0(@swc/helpers@0.5.17))':
    optionalDependencies:
      '@rspack/core': 2.0.0(@swc/helpers@0.5.17)

  '@rspack/dev-server@2.0.1(@rspack/core@2.0.0(@swc/helpers@0.5.17))':
    dependencies:
      '@rspack/core': 2.0.0(@swc/helpers@0.5.17)
      '@rspack/dev-middleware': 2.0.1(@rspack/core@2.0.0(@swc/helpers@0.5.17))

  '@rspack/plugin-react-refresh@2.0.0(@rspack/core@2.0.0(@swc/helpers@0.5.17))(react-refresh@0.18.0)':
    dependencies:
      react-refresh: 0.18.0
    optionalDependencies:
      '@rspack/core': 2.0.0(@swc/helpers@0.5.17)

  '@swc/helpers@0.5.17':
    dependencies:
      tslib: 2.8.1
    optional: true

  '@tybys/wasm-util@0.10.1':
    dependencies:
      tslib: 2.8.1
    optional: true

  '@types/react-dom@19.2.3(@types/react@19.2.14)':
    dependencies:
      '@types/react': 19.2.14

  '@types/react@19.2.14':
    dependencies:
      csstype: 3.2.3

  csstype@3.2.3: {}

  react-dom@19.2.5(react@19.2.5):
    dependencies:
      react: 19.2.5
      scheduler: 0.27.0

  react-refresh@0.18.0: {}

  react@19.2.5: {}

  scheduler@0.27.0: {}

  tslib@2.8.1:
    optional: true
