lockfileVersion: '9.0'

settings:
  autoInstallPeers: true
  excludeLinksFromLockfile: false

importers:

  .:
    dependencies:
      '@rspack/cli':
        specifier: ^2.1.4
        version: 2.1.4(@rspack/core@2.1.4)(@rspack/dev-server@2.1.0(@rspack/core@2.1.4))
      '@rspack/core':
        specifier: ^2.1.4
        version: 2.1.4
      react:
        specifier: ^19.2.7
        version: 19.2.7
      react-dom:
        specifier: ^19.2.7
        version: 19.2.7(react@19.2.7)
    devDependencies:
      '@rspack/dev-server':
        specifier: ^2.1.0
        version: 2.1.0(@rspack/core@2.1.4)
      '@rspack/plugin-react-refresh':
        specifier: ^2.0.2
        version: 2.0.2(@rspack/core@2.1.4)(react-refresh@0.18.0)
      '@types/react':
        specifier: ^19.2.17
        version: 19.2.17
      '@types/react-dom':
        specifier: ^19.2.3
        version: 19.2.3(@types/react@19.2.17)
      react-refresh:
        specifier: ^0.18.0
        version: 0.18.0

packages:

  '@emnapi/core@1.11.2':
    resolution: {integrity: sha512-TC8MkTuZUtcTSiFeuC0ksCh9QIJ5+F21MvZ4Wn4ORfYaFJ/0dsiudv5tVkejgwZlwQ39jL9WWDe2lz8x0WglOA==}

  '@emnapi/runtime@1.11.2':
    resolution: {integrity: sha512-kyOl3X0DuTiT1h2ft8r2fYO8JYtU9a9Xis/zBSiGArNaagCOWx90N1k2wxp18czFDH+OgcWGb5ZP/XMt3dcyPA==}

  '@emnapi/wasi-threads@1.2.2':
    resolution: {integrity: sha512-c95qOXkHdydNKhscBTebqEC1CVAZpyqOfVfBzQ1qgzyl3gfeldUjIggDbIZgDKsHLgnsM+igH7TJ/eAasaVuMA==}

  '@napi-rs/wasm-runtime@1.1.6':
    resolution: {integrity: sha512-ZLv/JdUfkvOy9eCnnBaGfiO+XimbjebAeO+MRQqD/B+FR1tnRN0tpKSJHRbE8sFfS6aqsXZ67TQjfwfsxULVbg==}
    peerDependencies:
      '@emnapi/core': ^1.7.1
      '@emnapi/runtime': ^1.7.1

  '@rspack/binding-darwin-arm64@2.1.4':
    resolution: {integrity: sha512-3Xcs01iw48F4WeE4SHga6bCNb/UEFvtQX4P4eMIaJfGPjTQuxfabGE8yCPm9e3tpLZ5uo+IBnJ6nh5r6tIDOXQ==}
    cpu: [arm64]
    os: [darwin]

  '@rspack/binding-darwin-x64@2.1.4':
    resolution: {integrity: sha512-bz/AsCplLs+3fXULPQU9d4r8H4PdeljgHFyItvVIrA/NKZqzQ8sX0topf/zJVZAOtPH7GNnrKjq0/F0U2DHikQ==}
    cpu: [x64]
    os: [darwin]

  '@rspack/binding-linux-arm64-gnu@2.1.4':
    resolution: {integrity: sha512-x0HQTLU1MusCtNamuXxf3ayEPkvh9uuaq4wVyBqveRkn4FznSOoHUsxTAKMnjGARX+vdLV/y/SwWJRDp2RI4zw==}
    cpu: [arm64]
    os: [linux]
    libc: [glibc]

  '@rspack/binding-linux-arm64-musl@2.1.4':
    resolution: {integrity: sha512-SEYCQD9UflKJMkYGnG5nt2gcsqdkgJsQmryBC/jxo+bOuY9gUSReU99FqCt7WRQrsHLbGeAFeTWs1QzItWG/Bw==}
    cpu: [arm64]
    os: [linux]
    libc: [musl]

  '@rspack/binding-linux-riscv64-gnu@2.1.4':
    resolution: {integrity: sha512-jYtQKtnDRaVfyasvTGY04Z7m+xDWZYVwAIEOB4hP7czM7FVLOMgHlMlvw/EgF0DNHrBthqbPfBIS2tP50CzpEA==}
    cpu: [riscv64]
    os: [linux]
    libc: [glibc]

  '@rspack/binding-linux-riscv64-musl@2.1.4':
    resolution: {integrity: sha512-ZgxKjQAm9pidq2kChQO2PqKI9OQpLuGD7iPBuyT0gQg3m1+7vvbbkArLBPzJ12CQHVZvqua7n/QGx8pQjJI2Zw==}
    cpu: [riscv64]
    os: [linux]
    libc: [musl]

  '@rspack/binding-linux-x64-gnu@2.1.4':
    resolution: {integrity: sha512-C53B3e6M4yzlYn4hDxR9cHZV+HqkfFGR0zuhH8QCfdBfN5KyGsmXmujiFU85ANEvBgf9CF8VreBQeJ20lyto/g==}
    cpu: [x64]
    os: [linux]
    libc: [glibc]

  '@rspack/binding-linux-x64-musl@2.1.4':
    resolution: {integrity: sha512-UaeG3FRo7e5RameQvWRNQ6KeXF29LEk67U/ohb9tF4U38mKH1OGqhmwCf5yLkqiOSgOi7Ff3ireOZD83Fso1iw==}
    cpu: [x64]
    os: [linux]
    libc: [musl]

  '@rspack/binding-wasm32-wasi@2.1.4':
    resolution: {integrity: sha512-0P1WZEfu7JOPzD/jQfk9U/6gnRFc7RpvYCQaYZVVYZNJ2gU6O0/yLegRGKNK/2L0zjYwiD0ynhOIBVUUERf5Pw==}
    cpu: [wasm32]

  '@rspack/binding-win32-arm64-msvc@2.1.4':
    resolution: {integrity: sha512-+aStQipk1EakLRPfD+/aQbtmTXfxqSWetcRRDWV3cAsD4ebv1tF8FLKYY1PCaFpQbX1FxzCBGF0KHxkAsi9cxA==}
    cpu: [arm64]
    os: [win32]

  '@rspack/binding-win32-ia32-msvc@2.1.4':
    resolution: {integrity: sha512-7nyrLRQ07j6i6omZuwiwwTI6rpjdy/Su3niLDAG7WsLL21u3/UQQrw6Fvm8SH3XYteghoHLSM3dhgaisuUhdJg==}
    cpu: [ia32]
    os: [win32]

  '@rspack/binding-win32-x64-msvc@2.1.4':
    resolution: {integrity: sha512-Z4je7JBaDpO9vvNMgCxlycycRJq+GQwwuXSXagW2xvvGM10Ij63YVtIehSMG9xaW8PED41oc9nWndoEsiD60pA==}
    cpu: [x64]
    os: [win32]

  '@rspack/binding@2.1.4':
    resolution: {integrity: sha512-iye4BaTYtTt0qa39avWwEsUobVxFNhQHr6B8reFeKU7sdaZsC9LUoDR8JAt5gOnbnzFMPdKgrdU/VzkC6rXbIg==}

  '@rspack/cli@2.1.4':
    resolution: {integrity: sha512-DYFvcDwL8jzqPV+7zt7DKpq2Fsk7ZtK8YswhTTje6iaIwvtzAPLFI3BsG6YrQ3yfMj7jqjSe4Vb5MDPCxR/g4A==}
    hasBin: true
    peerDependencies:
      '@rspack/core': ^2.0.0-0
      '@rspack/dev-server': ^2.0.0-0
    peerDependenciesMeta:
      '@rspack/dev-server':
        optional: true

  '@rspack/core@2.1.4':
    resolution: {integrity: sha512-lpJgtr+JAXuDAMBJfRJ1LHyWVuYJyhZu6L6aj9t4lipUU03qwakHnzn3vwSCr68PsVvVPzR6NbJE1gJienSV0g==}
    engines: {node: ^20.19.0 || >=22.12.0}
    peerDependencies:
      '@module-federation/runtime-tools': ^0.24.1 || ^2.0.0
      '@swc/helpers': ^0.5.23
    peerDependenciesMeta:
      '@module-federation/runtime-tools':
        optional: true
      '@swc/helpers':
        optional: true

  '@rspack/dev-middleware@2.0.3':
    resolution: {integrity: sha512-GxnGj9jy76G3eCPyZei81fwKLAMLZaPEEqFz1/QDYquhwi/qYZX5fekFJ1XVpuwxGEK9KSX3hxZylfwrs4cmLA==}
    engines: {node: ^20.19.0 || >=22.12.0}
    peerDependencies:
      '@rspack/core': ^2.0.0
    peerDependenciesMeta:
      '@rspack/core':
        optional: true

  '@rspack/dev-server@2.1.0':
    resolution: {integrity: sha512-WkCi6bWThVX5Ziv04srPaRoCoUY5FJolO4gqzE7xPO0XbXShsGnwn0vGD0DFfnYFcw9VSsxlmeCDV799lNYclA==}
    engines: {node: ^20.19.0 || >=22.12.0}
    peerDependencies:
      '@rspack/core': ^2.0.0
      selfsigned: ^5.0.0
    peerDependenciesMeta:
      selfsigned:
        optional: true

  '@rspack/plugin-react-refresh@2.0.2':
    resolution: {integrity: sha512-dGNZiCxQxgAUI9sah7gd8u+O7OJZRCmqtEJNDOd8xW5RqcieC86F7p5qcShyw6onH5pKf57evpr2VjGbaFGkZg==}
    peerDependencies:
      '@rspack/core': ^2.0.0
      react-refresh: '>=0.10.0 <1.0.0'
    peerDependenciesMeta:
      '@rspack/core':
        optional: true

  '@tybys/wasm-util@0.10.3':
    resolution: {integrity: sha512-F3fo1MYrRJYL3zER0OUOmkutjr1Vp23m7OsSgp7nq4SP6OqX6C/56XFIPAl5bt3zaBRjmW7SGz3u/6LwFpYcOg==}

  '@types/react-dom@19.2.3':
    resolution: {integrity: sha512-jp2L/eY6fn+KgVVQAOqYItbF0VY/YApe5Mz2F0aykSO8gx31bYCZyvSeYxCHKvzHG5eZjc+zyaS5BrBWya2+kQ==}
    peerDependencies:
      '@types/react': ^19.2.0

  '@types/react@19.2.17':
    resolution: {integrity: sha512-MXfmqaVPEVgkBT/aY0aGCkRWWtByiYQXo3xdQ8r5RzuFrPiRn8Gar2tQdXSUQ2GKV3bkXckek89V8wQBY2Q/Aw==}

  csstype@3.2.3:
    resolution: {integrity: sha512-z1HGKcYy2xA8AGQfwrn0PAy+PB7X/GSj3UVJW9qKyn43xWa+gl5nXmU4qqLMRzWVLFC8KusUX8T/0kCiOYpAIQ==}

  react-dom@19.2.7:
    resolution: {integrity: sha512-t0BRVXvbiE/o20Hfw669rLbMCDWtYZLvmJigy2f0MxsXF+71pxhR3xOkspmsO8h3ZlNzyibAmtCa3l4lYKk6gQ==}
    peerDependencies:
      react: ^19.2.7

  react-refresh@0.18.0:
    resolution: {integrity: sha512-QgT5//D3jfjJb6Gsjxv0Slpj23ip+HtOpnNgnb2S5zU3CB26G/IDPGoy4RJB42wzFE46DRsstbW6tKHoKbhAxw==}
    engines: {node: '>=0.10.0'}

  react@19.2.7:
    resolution: {integrity: sha512-HNe9WslTbXmFK8o8cmwgAeJFSBvt1bPdHCVKtaaV+WlAN36mpT4hcRpwbf3fY56ar2oIXzsBpOAiIRHAdY0OlQ==}
    engines: {node: '>=0.10.0'}

  scheduler@0.27.0:
    resolution: {integrity: sha512-eNv+WrVbKu1f3vbYJT/xtiF5syA5HPIMtf9IgY/nKg0sWqzAUEvqY/xm7OcZc/qafLx/iO9FgOmeSAp4v5ti/Q==}

  tslib@2.8.1:
    resolution: {integrity: sha512-oJFu94HQb+KVduSUQL7wnpmqnfmLsOA/nAh6b6EH0wCEoK0/mPeXU6c3wKDV83MkOuHPRHtSXKKU99IBazS/2w==}

snapshots:

  '@emnapi/core@1.11.2':
    dependencies:
      '@emnapi/wasi-threads': 1.2.2
      tslib: 2.8.1
    optional: true

  '@emnapi/runtime@1.11.2':
    dependencies:
      tslib: 2.8.1
    optional: true

  '@emnapi/wasi-threads@1.2.2':
    dependencies:
      tslib: 2.8.1
    optional: true

  '@napi-rs/wasm-runtime@1.1.6(@emnapi/core@1.11.2)(@emnapi/runtime@1.11.2)':
    dependencies:
      '@emnapi/core': 1.11.2
      '@emnapi/runtime': 1.11.2
      '@tybys/wasm-util': 0.10.3
    optional: true

  '@rspack/binding-darwin-arm64@2.1.4':
    optional: true

  '@rspack/binding-darwin-x64@2.1.4':
    optional: true

  '@rspack/binding-linux-arm64-gnu@2.1.4':
    optional: true

  '@rspack/binding-linux-arm64-musl@2.1.4':
    optional: true

  '@rspack/binding-linux-riscv64-gnu@2.1.4':
    optional: true

  '@rspack/binding-linux-riscv64-musl@2.1.4':
    optional: true

  '@rspack/binding-linux-x64-gnu@2.1.4':
    optional: true

  '@rspack/binding-linux-x64-musl@2.1.4':
    optional: true

  '@rspack/binding-wasm32-wasi@2.1.4':
    dependencies:
      '@emnapi/core': 1.11.2
      '@emnapi/runtime': 1.11.2
      '@napi-rs/wasm-runtime': 1.1.6(@emnapi/core@1.11.2)(@emnapi/runtime@1.11.2)
    optional: true

  '@rspack/binding-win32-arm64-msvc@2.1.4':
    optional: true

  '@rspack/binding-win32-ia32-msvc@2.1.4':
    optional: true

  '@rspack/binding-win32-x64-msvc@2.1.4':
    optional: true

  '@rspack/binding@2.1.4':
    optionalDependencies:
      '@rspack/binding-darwin-arm64': 2.1.4
      '@rspack/binding-darwin-x64': 2.1.4
      '@rspack/binding-linux-arm64-gnu': 2.1.4
      '@rspack/binding-linux-arm64-musl': 2.1.4
      '@rspack/binding-linux-riscv64-gnu': 2.1.4
      '@rspack/binding-linux-riscv64-musl': 2.1.4
      '@rspack/binding-linux-x64-gnu': 2.1.4
      '@rspack/binding-linux-x64-musl': 2.1.4
      '@rspack/binding-wasm32-wasi': 2.1.4
      '@rspack/binding-win32-arm64-msvc': 2.1.4
      '@rspack/binding-win32-ia32-msvc': 2.1.4
      '@rspack/binding-win32-x64-msvc': 2.1.4

  '@rspack/cli@2.1.4(@rspack/core@2.1.4)(@rspack/dev-server@2.1.0(@rspack/core@2.1.4))':
    dependencies:
      '@rspack/core': 2.1.4
    optionalDependencies:
      '@rspack/dev-server': 2.1.0(@rspack/core@2.1.4)

  '@rspack/core@2.1.4':
    dependencies:
      '@rspack/binding': 2.1.4

  '@rspack/dev-middleware@2.0.3(@rspack/core@2.1.4)':
    optionalDependencies:
      '@rspack/core': 2.1.4

  '@rspack/dev-server@2.1.0(@rspack/core@2.1.4)':
    dependencies:
      '@rspack/core': 2.1.4
      '@rspack/dev-middleware': 2.0.3(@rspack/core@2.1.4)

  '@rspack/plugin-react-refresh@2.0.2(@rspack/core@2.1.4)(react-refresh@0.18.0)':
    dependencies:
      react-refresh: 0.18.0
    optionalDependencies:
      '@rspack/core': 2.1.4

  '@tybys/wasm-util@0.10.3':
    dependencies:
      tslib: 2.8.1
    optional: true

  '@types/react-dom@19.2.3(@types/react@19.2.17)':
    dependencies:
      '@types/react': 19.2.17

  '@types/react@19.2.17':
    dependencies:
      csstype: 3.2.3

  csstype@3.2.3: {}

  react-dom@19.2.7(react@19.2.7):
    dependencies:
      react: 19.2.7
      scheduler: 0.27.0

  react-refresh@0.18.0: {}

  react@19.2.7: {}

  scheduler@0.27.0: {}

  tslib@2.8.1:
    optional: true
